{
  "name": "web-ui-skills",
  "version": "1.0.7",
  "lockfileVersion": 3,
  "requires": true,
  "packages": {
    "": {
      "name": "web-ui-skills",
      "version": "1.0.7",
      "license": "MIT",
      "bin": {
        "web-ui-skills": "bin/install.js"
      },
      "engines": {
        "node": ">=16"
      }
    }
  }
}
